# This file is automatically @generated by Cargo.
# It is not intended for manual editing.
version = 4

[[package]]
name = "vxl-phys"
version = "0.1.0"
dependencies = [
 "vxl-phys-broad",
 "vxl-phys-core",
 "vxl-phys-field",
 "vxl-phys-integrate",
 "vxl-phys-narrow",
 "vxl-phys-replay",
 "vxl-phys-solver",
 "vxl-phys-terrain",
]

[[package]]
name = "vxl-phys-broad"
version = "0.1.0"
dependencies = [
 "vxl-phys-core",
]

[[package]]
name = "vxl-phys-core"
version = "0.1.0"

[[package]]
name = "vxl-phys-destruction"
version = "0.1.0"

[[package]]
name = "vxl-phys-ffi"
version = "0.1.0"

[[package]]
name = "vxl-phys-field"
version = "0.1.0"
dependencies = [
 "vxl-phys-core",
]

[[package]]
name = "vxl-phys-fluid"
version = "0.1.0"

[[package]]
name = "vxl-phys-gpu"
version = "0.1.0"

[[package]]
name = "vxl-phys-integrate"
version = "0.1.0"
dependencies = [
 "vxl-phys-core",
]

[[package]]
name = "vxl-phys-marine"
version = "0.1.0"

[[package]]
name = "vxl-phys-mech"
version = "0.1.0"

[[package]]
name = "vxl-phys-memfind"
version = "0.1.0"

[[package]]
name = "vxl-phys-narrow"
version = "0.1.0"
dependencies = [
 "vxl-phys-core",
]

[[package]]
name = "vxl-phys-replay"
version = "0.1.0"
dependencies = [
 "vxl-phys-core",
]

[[package]]
name = "vxl-phys-soft"
version = "0.1.0"

[[package]]
name = "vxl-phys-solver"
version = "0.1.0"
dependencies = [
 "vxl-phys-core",
 "vxl-phys-narrow",
]

[[package]]
name = "vxl-phys-terrain"
version = "0.1.0"
dependencies = [
 "vxl-phys-broad",
 "vxl-phys-core",
 "vxl-phys-narrow",
]

[[package]]
name = "vxl-phys-vehicle"
version = "0.1.0"

[[package]]
name = "vxl-phys-vehicles-air"
version = "0.1.0"
